
Microsoft Visual Studio Solution File, Format Version 12.00
# Visual Studio Version 17
VisualStudioVersion = 17.11.35327.3
MinimumVisualStudioVersion = 10.0.40219.1
Project("{9A19103F-16F7-4668-BE54-9A1E7A4F7556}") = "Lab5", "Lab5\Lab5.csproj", "{8EB56737-B1CC-42C1-8BDF-4924863E117F}"
EndProject
Project("{FAE04EC0-301F-11D3-BF4B-00C04F79EFBC}") = "Lab5Testing", "Lab5Testing\Lab5Testing.csproj", "{CBC3A38E-D35A-464F-9533-C04D31079BF3}"
EndProject
Global
	GlobalSection(SolutionConfigurationPlatforms) = preSolution
		Debug|Any CPU = Debug|Any CPU
		Release|Any CPU = Release|Any CPU
	EndGlobalSection
	GlobalSection(ProjectConfigurationPlatforms) = postSolution
		{8EB56737-B1CC-42C1-8BDF-4924863E117F}.Debug|Any CPU.ActiveCfg = Debug|Any CPU
		{8EB56737-B1CC-42C1-8BDF-4924863E117F}.Debug|Any CPU.Build.0 = Debug|Any CPU
		{8EB56737-B1CC-42C1-8BDF-4924863E117F}.Release|Any CPU.ActiveCfg = Release|Any CPU
		{8EB56737-B1CC-42C1-8BDF-4924863E117F}.Release|Any CPU.Build.0 = Release|Any CPU
		{CBC3A38E-D35A-464F-9533-C04D31079BF3}.Debug|Any CPU.ActiveCfg = Debug|Any CPU
		{CBC3A38E-D35A-464F-9533-C04D31079BF3}.Debug|Any CPU.Build.0 = Debug|Any CPU
		{CBC3A38E-D35A-464F-9533-C04D31079BF3}.Release|Any CPU.ActiveCfg = Release|Any CPU
		{CBC3A38E-D35A-464F-9533-C04D31079BF3}.Release|Any CPU.Build.0 = Release|Any CPU
	EndGlobalSection
	GlobalSection(SolutionProperties) = preSolution
		HideSolutionNode = FALSE
	EndGlobalSection
	GlobalSection(ExtensibilityGlobals) = postSolution
		SolutionGuid = {9194CA38-1580-44ED-93C5-5A1464E5481D}
	EndGlobalSection
EndGlobal
